{
  "name": "minnojs-pavlovia-plugin",
  "version": "1.0.0",
  "lockfileVersion": 2,
  "requires": true,
  "packages": {
    "": {
      "name": "minnojs-pavlovia-plugin",
      "version": "1.0.0",
      "license": "Apache-2.0",
      "dependencies": {
        "uglify-js": "^3.13.1"
      }
    },
    "node_modules/uglify-js": {
      "version": "3.13.1",
      "resolved": "https://registry.npmjs.org/uglify-js/-/uglify-js-3.13.1.tgz",
      "integrity": "sha512-EWhx3fHy3M9JbaeTnO+rEqzCe1wtyQClv6q3YWq0voOj4E+bMZBErVS1GAHPDiRGONYq34M1/d8KuQMgvi6Gjw==",
      "bin": {
        "uglifyjs": "bin/uglifyjs"
      },
      "engines": {
        "node": ">=0.8.0"
      }
    }
  },
  "dependencies": {
    "uglify-js": {
      "version": "3.13.1",
      "resolved": "https://registry.npmjs.org/uglify-js/-/uglify-js-3.13.1.tgz",
      "integrity": "sha512-EWhx3fHy3M9JbaeTnO+rEqzCe1wtyQClv6q3YWq0voOj4E+bMZBErVS1GAHPDiRGONYq34M1/d8KuQMgvi6Gjw=="
    }
  }
}
